
Microsoft Visual Studio Solution File, Format Version 12.00
# Visual Studio Version 16
VisualStudioVersion = 16.0.28803.352
MinimumVisualStudioVersion = 10.0.40219.1
Project("{9A19103F-16F7-4668-BE54-9A1E7A4F7556}") = "Tests", "test\Tests\Tests.csproj", "{19D96416-F083-4167-B40F-ED09ED3BCFC2}"
EndProject
Project("{9A19103F-16F7-4668-BE54-9A1E7A4F7556}") = "ConsoleApp", "src\ConsoleApp\ConsoleApp.csproj", "{4E99CDDB-AC3D-4F2C-B243-7259A463E977}"
EndProject
Project("{9A19103F-16F7-4668-BE54-9A1E7A4F7556}") = "Engine", "src\Engine\Engine.csproj", "{5930993B-7E84-434D-B5E2-B0BDCCA6A4E3}"
EndProject
Global
	GlobalSection(SolutionConfigurationPlatforms) = preSolution
		Debug|Any CPU = Debug|Any CPU
		Release|Any CPU = Release|Any CPU
	EndGlobalSection
	GlobalSection(ProjectConfigurationPlatforms) = postSolution
		{19D96416-F083-4167-B40F-ED09ED3BCFC2}.Debug|Any CPU.ActiveCfg = Debug|Any CPU
		{19D96416-F083-4167-B40F-ED09ED3BCFC2}.Debug|Any CPU.Build.0 = Debug|Any CPU
		{19D96416-F083-4167-B40F-ED09ED3BCFC2}.Release|Any CPU.ActiveCfg = Release|Any CPU
		{19D96416-F083-4167-B40F-ED09ED3BCFC2}.Release|Any CPU.Build.0 = Release|Any CPU
		{4E99CDDB-AC3D-4F2C-B243-7259A463E977}.Debug|Any CPU.ActiveCfg = Debug|Any CPU
		{4E99CDDB-AC3D-4F2C-B243-7259A463E977}.Debug|Any CPU.Build.0 = Debug|Any CPU
		{4E99CDDB-AC3D-4F2C-B243-7259A463E977}.Release|Any CPU.ActiveCfg = Release|Any CPU
		{4E99CDDB-AC3D-4F2C-B243-7259A463E977}.Release|Any CPU.Build.0 = Release|Any CPU
		{5930993B-7E84-434D-B5E2-B0BDCCA6A4E3}.Debug|Any CPU.ActiveCfg = Debug|Any CPU
		{5930993B-7E84-434D-B5E2-B0BDCCA6A4E3}.Debug|Any CPU.Build.0 = Debug|Any CPU
		{5930993B-7E84-434D-B5E2-B0BDCCA6A4E3}.Release|Any CPU.ActiveCfg = Release|Any CPU
		{5930993B-7E84-434D-B5E2-B0BDCCA6A4E3}.Release|Any CPU.Build.0 = Release|Any CPU
	EndGlobalSection
	GlobalSection(SolutionProperties) = preSolution
		HideSolutionNode = FALSE
	EndGlobalSection
	GlobalSection(ExtensibilityGlobals) = postSolution
		SolutionGuid = {AFEB4D01-FEC6-415B-B321-EF319EE0F913}
	EndGlobalSection
EndGlobal
